
Microsoft Visual Studio Solution File, Format Version 12.00
# Visual Studio Version 16
VisualStudioVersion = 16.0.31313.79
MinimumVisualStudioVersion = 10.0.40219.1
Project("{FAE04EC0-301F-11D3-BF4B-00C04F79EFBC}") = "PolyDesktopGUI", "PolyDesktopGUI\PolyDesktopGUI.csproj", "{7D537F84-45B7-4448-A8A8-C653C7525007}"
EndProject
Project("{9A19103F-16F7-4668-BE54-9A1E7A4F7556}") = "PolyDesktopLauncher", "ConsoleApp1\PolyDesktopLauncher.csproj", "{54CC712A-1865-4828-BF66-435CCA23D593}"
EndProject
Project("{FAE04EC0-301F-11D3-BF4B-00C04F79EFBC}") = "PolyDesktopServer", "PolyDesktopServer\PolyDesktopServer.csproj", "{8FA01B9A-6538-4300-B0C1-55E919B86AE0}"
EndProject
Project("{FAE04EC0-301F-11D3-BF4B-00C04F79EFBC}") = "PolyDesktopClient", "PolyDesktopClient\PolyDesktopClient.csproj", "{EBE1D119-A2D3-4F79-AD4E-243FD2EAFAC9}"
EndProject
Global
	GlobalSection(SolutionConfigurationPlatforms) = preSolution
		Debug|Any CPU = Debug|Any CPU
		Debug|ARM = Debug|ARM
		Debug|ARM64 = Debug|ARM64
		Debug|x64 = Debug|x64
		Debug|x86 = Debug|x86
		Release|Any CPU = Release|Any CPU
		Release|ARM = Release|ARM
		Release|ARM64 = Release|ARM64
		Release|x64 = Release|x64
		Release|x86 = Release|x86
	EndGlobalSection
	GlobalSection(ProjectConfigurationPlatforms) = postSolution
		{7D537F84-45B7-4448-A8A8-C653C7525007}.Debug|Any CPU.ActiveCfg = Debug|x86
		{7D537F84-45B7-4448-A8A8-C653C7525007}.Debug|ARM.ActiveCfg = Debug|ARM
		{7D537F84-45B7-4448-A8A8-C653C7525007}.Debug|ARM.Build.0 = Debug|ARM
		{7D537F84-45B7-4448-A8A8-C653C7525007}.Debug|ARM.Deploy.0 = Debug|ARM
		{7D537F84-45B7-4448-A8A8-C653C7525007}.Debug|ARM64.ActiveCfg = Debug|ARM64
		{7D537F84-45B7-4448-A8A8-C653C7525007}.Debug|ARM64.Build.0 = Debug|ARM64
		{7D537F84-45B7-4448-A8A8-C653C7525007}.Debug|ARM64.Deploy.0 = Debug|ARM64
		{7D537F84-45B7-4448-A8A8-C653C7525007}.Debug|x64.ActiveCfg = Debug|x64
		{7D537F84-45B7-4448-A8A8-C653C7525007}.Debug|x64.Build.0 = Debug|x64
		{7D537F84-45B7-4448-A8A8-C653C7525007}.Debug|x64.Deploy.0 = Debug|x64
		{7D537F84-45B7-4448-A8A8-C653C7525007}.Debug|x86.ActiveCfg = Debug|x86
		{7D537F84-45B7-4448-A8A8-C653C7525007}.Debug|x86.Build.0 = Debug|x86
		{7D537F84-45B7-4448-A8A8-C653C7525007}.Debug|x86.Deploy.0 = Debug|x86
		{7D537F84-45B7-4448-A8A8-C653C7525007}.Release|Any CPU.ActiveCfg = Release|x86
		{7D537F84-45B7-4448-A8A8-C653C7525007}.Release|ARM.ActiveCfg = Release|ARM
		{7D537F84-45B7-4448-A8A8-C653C7525007}.Release|ARM.Build.0 = Release|ARM
		{7D537F84-45B7-4448-A8A8-C653C7525007}.Release|ARM.Deploy.0 = Release|ARM
		{7D537F84-45B7-4448-A8A8-C653C7525007}.Release|ARM64.ActiveCfg = Release|ARM64
		{7D537F84-45B7-4448-A8A8-C653C7525007}.Release|ARM64.Build.0 = Release|ARM64
		{7D537F84-45B7-4448-A8A8-C653C7525007}.Release|ARM64.Deploy.0 = Release|ARM64
		{7D537F84-45B7-4448-A8A8-C653C7525007}.Release|x64.ActiveCfg = Release|x64
		{7D537F84-45B7-4448-A8A8-C653C7525007}.Release|x64.Build.0 = Release|x64
		{7D537F84-45B7-4448-A8A8-C653C7525007}.Release|x64.Deploy.0 = Release|x64
		{7D537F84-45B7-4448-A8A8-C653C7525007}.Release|x86.ActiveCfg = Release|x86
		{7D537F84-45B7-4448-A8A8-C653C7525007}.Release|x86.Build.0 = Release|x86
		{7D537F84-45B7-4448-A8A8-C653C7525007}.Release|x86.Deploy.0 = Release|x86
		{54CC712A-1865-4828-BF66-435CCA23D593}.Debug|Any CPU.ActiveCfg = Debug|Any CPU
		{54CC712A-1865-4828-BF66-435CCA23D593}.Debug|Any CPU.Build.0 = Debug|Any CPU
		{54CC712A-1865-4828-BF66-435CCA23D593}.Debug|ARM.ActiveCfg = Debug|Any CPU
		{54CC712A-1865-4828-BF66-435CCA23D593}.Debug|ARM.Build.0 = Debug|Any CPU
		{54CC712A-1865-4828-BF66-435CCA23D593}.Debug|ARM64.ActiveCfg = Debug|Any CPU
		{54CC712A-1865-4828-BF66-435CCA23D593}.Debug|ARM64.Build.0 = Debug|Any CPU
		{54CC712A-1865-4828-BF66-435CCA23D593}.Debug|x64.ActiveCfg = Debug|Any CPU
		{54CC712A-1865-4828-BF66-435CCA23D593}.Debug|x64.Build.0 = Debug|Any CPU
		{54CC712A-1865-4828-BF66-435CCA23D593}.Debug|x86.ActiveCfg = Debug|Any CPU
		{54CC712A-1865-4828-BF66-435CCA23D593}.Debug|x86.Build.0 = Debug|Any CPU
		{54CC712A-1865-4828-BF66-435CCA23D593}.Release|Any CPU.ActiveCfg = Release|Any CPU
		{54CC712A-1865-4828-BF66-435CCA23D593}.Release|Any CPU.Build.0 = Release|Any CPU
		{54CC712A-1865-4828-BF66-435CCA23D593}.Release|ARM.ActiveCfg = Release|Any CPU
		{54CC712A-1865-4828-BF66-435CCA23D593}.Release|ARM.Build.0 = Release|Any CPU
		{54CC712A-1865-4828-BF66-435CCA23D593}.Release|ARM64.ActiveCfg = Release|Any CPU
		{54CC712A-1865-4828-BF66-435CCA23D593}.Release|ARM64.Build.0 = Release|Any CPU
		{54CC712A-1865-4828-BF66-435CCA23D593}.Release|x64.ActiveCfg = Release|Any CPU
		{54CC712A-1865-4828-BF66-435CCA23D593}.Release|x64.Build.0 = Release|Any CPU
		{54CC712A-1865-4828-BF66-435CCA23D593}.Release|x86.ActiveCfg = Release|Any CPU
		{54CC712A-1865-4828-BF66-435CCA23D593}.Release|x86.Build.0 = Release|Any CPU
		{8FA01B9A-6538-4300-B0C1-55E919B86AE0}.Debug|Any CPU.ActiveCfg = Debug|Any CPU
		{8FA01B9A-6538-4300-B0C1-55E919B86AE0}.Debug|Any CPU.Build.0 = Debug|Any CPU
		{8FA01B9A-6538-4300-B0C1-55E919B86AE0}.Debug|ARM.ActiveCfg = Debug|Any CPU
		{8FA01B9A-6538-4300-B0C1-55E919B86AE0}.Debug|ARM.Build.0 = Debug|Any CPU
		{8FA01B9A-6538-4300-B0C1-55E919B86AE0}.Debug|ARM64.ActiveCfg = Debug|Any CPU
		{8FA01B9A-6538-4300-B0C1-55E919B86AE0}.Debug|ARM64.Build.0 = Debug|Any CPU
		{8FA01B9A-6538-4300-B0C1-55E919B86AE0}.Debug|x64.ActiveCfg = Debug|Any CPU
		{8FA01B9A-6538-4300-B0C1-55E919B86AE0}.Debug|x64.Build.0 = Debug|Any CPU
		{8FA01B9A-6538-4300-B0C1-55E919B86AE0}.Debug|x86.ActiveCfg = Debug|Any CPU
		{8FA01B9A-6538-4300-B0C1-55E919B86AE0}.Debug|x86.Build.0 = Debug|Any CPU
		{8FA01B9A-6538-4300-B0C1-55E919B86AE0}.Release|Any CPU.ActiveCfg = Release|Any CPU
		{8FA01B9A-6538-4300-B0C1-55E919B86AE0}.Release|Any CPU.Build.0 = Release|Any CPU
		{8FA01B9A-6538-4300-B0C1-55E919B86AE0}.Release|ARM.ActiveCfg = Release|Any CPU
		{8FA01B9A-6538-4300-B0C1-55E919B86AE0}.Release|ARM.Build.0 = Release|Any CPU
		{8FA01B9A-6538-4300-B0C1-55E919B86AE0}.Release|ARM64.ActiveCfg = Release|Any CPU
		{8FA01B9A-6538-4300-B0C1-55E919B86AE0}.Release|ARM64.Build.0 = Release|Any CPU
		{8FA01B9A-6538-4300-B0C1-55E919B86AE0}.Release|x64.ActiveCfg = Release|Any CPU
		{8FA01B9A-6538-4300-B0C1-55E919B86AE0}.Release|x64.Build.0 = Release|Any CPU
		{8FA01B9A-6538-4300-B0C1-55E919B86AE0}.Release|x86.ActiveCfg = Release|Any CPU
		{8FA01B9A-6538-4300-B0C1-55E919B86AE0}.Release|x86.Build.0 = Release|Any CPU
		{EBE1D119-A2D3-4F79-AD4E-243FD2EAFAC9}.Debug|Any CPU.ActiveCfg = Debug|Any CPU
		{EBE1D119-A2D3-4F79-AD4E-243FD2EAFAC9}.Debug|Any CPU.Build.0 = Debug|Any CPU
		{EBE1D119-A2D3-4F79-AD4E-243FD2EAFAC9}.Debug|ARM.ActiveCfg = Debug|Any CPU
		{EBE1D119-A2D3-4F79-AD4E-243FD2EAFAC9}.Debug|ARM.Build.0 = Debug|Any CPU
		{EBE1D119-A2D3-4F79-AD4E-243FD2EAFAC9}.Debug|ARM64.ActiveCfg = Debug|Any CPU
		{EBE1D119-A2D3-4F79-AD4E-243FD2EAFAC9}.Debug|ARM64.Build.0 = Debug|Any CPU
		{EBE1D119-A2D3-4F79-AD4E-243FD2EAFAC9}.Debug|x64.ActiveCfg = Debug|Any CPU
		{EBE1D119-A2D3-4F79-AD4E-243FD2EAFAC9}.Debug|x64.Build.0 = Debug|Any CPU
		{EBE1D119-A2D3-4F79-AD4E-243FD2EAFAC9}.Debug|x86.ActiveCfg = Debug|Any CPU
		{EBE1D119-A2D3-4F79-AD4E-243FD2EAFAC9}.Debug|x86.Build.0 = Debug|Any CPU
		{EBE1D119-A2D3-4F79-AD4E-243FD2EAFAC9}.Release|Any CPU.ActiveCfg = Release|Any CPU
		{EBE1D119-A2D3-4F79-AD4E-243FD2EAFAC9}.Release|Any CPU.Build.0 = Release|Any CPU
		{EBE1D119-A2D3-4F79-AD4E-243FD2EAFAC9}.Release|ARM.ActiveCfg = Release|Any CPU
		{EBE1D119-A2D3-4F79-AD4E-243FD2EAFAC9}.Release|ARM.Build.0 = Release|Any CPU
		{EBE1D119-A2D3-4F79-AD4E-243FD2EAFAC9}.Release|ARM64.ActiveCfg = Release|Any CPU
		{EBE1D119-A2D3-4F79-AD4E-243FD2EAFAC9}.Release|ARM64.Build.0 = Release|Any CPU
		{EBE1D119-A2D3-4F79-AD4E-243FD2EAFAC9}.Release|x64.ActiveCfg = Release|Any CPU
		{EBE1D119-A2D3-4F79-AD4E-243FD2EAFAC9}.Release|x64.Build.0 = Release|Any CPU
		{EBE1D119-A2D3-4F79-AD4E-243FD2EAFAC9}.Release|x86.ActiveCfg = Release|Any CPU
		{EBE1D119-A2D3-4F79-AD4E-243FD2EAFAC9}.Release|x86.Build.0 = Release|Any CPU
	EndGlobalSection
	GlobalSection(SolutionProperties) = preSolution
		HideSolutionNode = FALSE
	EndGlobalSection
	GlobalSection(ExtensibilityGlobals) = postSolution
		SolutionGuid = {409140B8-9703-485F-89BD-0FF472166445}
	EndGlobalSection
EndGlobal
