
Microsoft Visual Studio Solution File, Format Version 12.00
# Visual Studio Version 16
VisualStudioVersion = 16.0.30128.74
MinimumVisualStudioVersion = 10.0.40219.1
Project("{9A19103F-16F7-4668-BE54-9A1E7A4F7556}") = "HardwareSpecPuller", "Hardwarespecs\HardwareSpecPuller.csproj", "{F18625A8-0776-4B08-98CA-314BE9CAEA72}"
EndProject
Global
	GlobalSection(SolutionConfigurationPlatforms) = preSolution
		Debug|Any CPU = Debug|Any CPU
		Release|Any CPU = Release|Any CPU
	EndGlobalSection
	GlobalSection(ProjectConfigurationPlatforms) = postSolution
		{F18625A8-0776-4B08-98CA-314BE9CAEA72}.Debug|Any CPU.ActiveCfg = Debug|Any CPU
		{F18625A8-0776-4B08-98CA-314BE9CAEA72}.Debug|Any CPU.Build.0 = Debug|Any CPU
		{F18625A8-0776-4B08-98CA-314BE9CAEA72}.Release|Any CPU.ActiveCfg = Release|Any CPU
		{F18625A8-0776-4B08-98CA-314BE9CAEA72}.Release|Any CPU.Build.0 = Release|Any CPU
	EndGlobalSection
	GlobalSection(SolutionProperties) = preSolution
		HideSolutionNode = FALSE
	EndGlobalSection
	GlobalSection(ExtensibilityGlobals) = postSolution
		SolutionGuid = {A0A37148-9DC6-425A-86A8-506B945038B0}
	EndGlobalSection
EndGlobal
